{
  "name": "frontend",
  "version": "1.0.0",
  "lockfileVersion": 1,
  "requires": true,
  "dependencies": {
    "@uirouter/angularjs": {
      "version": "1.0.29",
      "resolved": "https://registry.npmjs.org/@uirouter/angularjs/-/angularjs-1.0.29.tgz",
      "integrity": "sha512-RImWnBarNixkMto0o8stEaGwZmvhv5cnuOLXyMU2pY8MP2rgEF74ZNJTLeJCW14LR7XDUxVH8Mk8bPI6lxedmQ==",
      "requires": {
        "@uirouter/core": "6.0.7"
      }
    },
    "@uirouter/core": {
      "version": "6.0.7",
      "resolved": "https://registry.npmjs.org/@uirouter/core/-/core-6.0.7.tgz",
      "integrity": "sha512-KUTJxL+6q0PiBnFx4/Z+Hsyg0pSGiaW5yZQeJmUxknecjpTbnXkLU8H2EqRn9N2B+qDRa7Jg8RcgeNDPY72O1w=="
    },
    "angular": {
      "version": "1.8.2",
      "resolved": "https://registry.npmjs.org/angular/-/angular-1.8.2.tgz",
      "integrity": "sha512-IauMOej2xEe7/7Ennahkbb5qd/HFADiNuLSESz9Q27inmi32zB0lnAsFeLEWcox3Gd1F6YhNd1CP7/9IukJ0Gw=="
    },
    "angular-animate": {
      "version": "1.8.2",
      "resolved": "https://registry.npmjs.org/angular-animate/-/angular-animate-1.8.2.tgz",
      "integrity": "sha512-Jbr9+grNMs9Kj57xuBU3Ju3NOPAjS1+g2UAwwDv7su1lt0/PLDy+9zEwDiu8C8xJceoTbmBNKiWGPJGBdCQLlA=="
    },
    "angular-aria": {
      "version": "1.8.2",
      "resolved": "https://registry.npmjs.org/angular-aria/-/angular-aria-1.8.2.tgz",
      "integrity": "sha512-xWT1Lm+Xug2GM6nGNMioBP4hXt3sj2eGaExa4cVCZUYSVWezgyuD1RiLgzJzwTkBGYplHQUzQaz3yDY8jVI6yQ=="
    },
    "angular-material": {
      "version": "1.2.2",
      "resolved": "https://registry.npmjs.org/angular-material/-/angular-material-1.2.2.tgz",
      "integrity": "sha512-GtrBzYDg5zHYX/OUqxo72zb9bsY0RDuIA+4ZsZjuv1r+L4q9UAtkeIZzMXVGua6CCNgfB58cKep3TmxtAZhNwg=="
    },
    "angular-messages": {
      "version": "1.8.2",
      "resolved": "https://registry.npmjs.org/angular-messages/-/angular-messages-1.8.2.tgz",
      "integrity": "sha512-M1qNh/30cLJi4yJJ+3YB8saPonRcavz5Dquqz0T/aUySKJhIkUoeCkmF+BcLH4SJ5PBp04yy4CZUUeNRVi7jZA=="
    },
    "material-design-icons": {
      "version": "3.0.1",
      "resolved": "https://registry.npmjs.org/material-design-icons/-/material-design-icons-3.0.1.tgz",
      "integrity": "sha1-mnHEh0chjrylHlGmbaaCA4zct78="
    }
  }
}
